// !$*UTF8*$!
{
	archiveVersion = 1;
	classes = {
	};
	objectVersion = 51;
	objects = {

/* Begin PBXBuildFile section */
		203312D9043502963CF6CA55 /* Pods_MusicPlayer.framework in Frameworks */ = {isa = PBXBuildFile; fileRef = 59D214101FBB82B193E5D7D6 /* Pods_MusicPlayer.framework */; };
		7240529C26A15CC70029DFA9 /* MusicPlayView.swift in Sources */ = {isa = PBXBuildFile; fileRef = 7240529B26A15CC70029DFA9 /* MusicPlayView.swift */; };
		7240529F26A15EED0029DFA9 /* BaseClass.swift in Sources */ = {isa = PBXBuildFile; fileRef = 7240529E26A15EED0029DFA9 /* BaseClass.swift */; };
		724052A426A1737B0029DFA9 /* MusicInfoAPI.swift in Sources */ = {isa = PBXBuildFile; fileRef = 724052A326A1737B0029DFA9 /* MusicInfoAPI.swift */; };
		724052A926A1823F0029DFA9 /* MusicInfo.swift in Sources */ = {isa = PBXBuildFile; fileRef = 724052A826A1823F0029DFA9 /* MusicInfo.swift */; };
		72A76C7126A15ABA002C38E7 /* AppDelegate.swift in Sources */ = {isa = PBXBuildFile; fileRef = 72A76C7026A15ABA002C38E7 /* AppDelegate.swift */; };
		72A76C7526A15ABA002C38E7 /* MusicPlayViewController.swift in Sources */ = {isa = PBXBuildFile; fileRef = 72A76C7426A15ABA002C38E7 /* MusicPlayViewController.swift */; };
		72A76C7A26A15ABB002C38E7 /* Assets.xcassets in Resources */ = {isa = PBXBuildFile; fileRef = 72A76C7926A15ABB002C38E7 /* Assets.xcassets */; };
		72A76C7D26A15ABB002C38E7 /* LaunchScreen.storyboard in Resources */ = {isa = PBXBuildFile; fileRef = 72A76C7B26A15ABB002C38E7 /* LaunchScreen.storyboard */; };
		72A76C8626A15C36002C38E7 /* MusicPlayReactor.swift in Sources */ = {isa = PBXBuildFile; fileRef = 72A76C8526A15C36002C38E7 /* MusicPlayReactor.swift */; };
/* End PBXBuildFile section */

/* Begin PBXFileReference section */
		42123A8AD358606EA3ADFE7A /* Pods-MusicPlayer.debug.xcconfig */ = {isa = PBXFileReference; includeInIndex = 1; lastKnownFileType = text.xcconfig; name = "Pods-MusicPlayer.debug.xcconfig"; path = "Target Support Files/Pods-MusicPlayer/Pods-MusicPlayer.debug.xcconfig"; sourceTree = "<group>"; };
		59D214101FBB82B193E5D7D6 /* Pods_MusicPlayer.framework */ = {isa = PBXFileReference; explicitFileType = wrapper.framework; includeInIndex = 0; path = Pods_MusicPlayer.framework; sourceTree = BUILT_PRODUCTS_DIR; };
		7240529B26A15CC70029DFA9 /* MusicPlayView.swift */ = {isa = PBXFileReference; lastKnownFileType = sourcecode.swift; path = MusicPlayView.swift; sourceTree = "<group>"; };
		7240529E26A15EED0029DFA9 /* BaseClass.swift */ = {isa = PBXFileReference; lastKnownFileType = sourcecode.swift; path = BaseClass.swift; sourceTree = "<group>"; };
		724052A326A1737B0029DFA9 /* MusicInfoAPI.swift */ = {isa = PBXFileReference; lastKnownFileType = sourcecode.swift; path = MusicInfoAPI.swift; sourceTree = "<group>"; };
		724052A826A1823F0029DFA9 /* MusicInfo.swift */ = {isa = PBXFileReference; lastKnownFileType = sourcecode.swift; path = MusicInfo.swift; sourceTree = "<group>"; };
		72A76C6D26A15ABA002C38E7 /* MusicPlayer.app */ = {isa = PBXFileReference; explicitFileType = wrapper.application; includeInIndex = 0; path = MusicPlayer.app; sourceTree = BUILT_PRODUCTS_DIR; };
		72A76C7026A15ABA002C38E7 /* AppDelegate.swift */ = {isa = PBXFileReference; lastKnownFileType = sourcecode.swift; path = AppDelegate.swift; sourceTree = "<group>"; };
		72A76C7426A15ABA002C38E7 /* MusicPlayViewController.swift */ = {isa = PBXFileReference; lastKnownFileType = sourcecode.swift; path = MusicPlayViewController.swift; sourceTree = "<group>"; };
		72A76C7926A15ABB002C38E7 /* Assets.xcassets */ = {isa = PBXFileReference; lastKnownFileType = folder.assetcatalog; path = Assets.xcassets; sourceTree = "<group>"; };
		72A76C7C26A15ABB002C38E7 /* Base */ = {isa = PBXFileReference; lastKnownFileType = file.storyboard; name = Base; path = Base.lproj/LaunchScreen.storyboard; sourceTree = "<group>"; };
		72A76C7E26A15ABB002C38E7 /* Info.plist */ = {isa = PBXFileReference; lastKnownFileType = text.plist.xml; path = Info.plist; sourceTree = "<group>"; };
		72A76C8526A15C36002C38E7 /* MusicPlayReactor.swift */ = {isa = PBXFileReference; lastKnownFileType = sourcecode.swift; path = MusicPlayReactor.swift; sourceTree = "<group>"; };
		9338819AE07B01A04C06ACD9 /* Pods-MusicPlayer.release.xcconfig */ = {isa = PBXFileReference; includeInIndex = 1; lastKnownFileType = text.xcconfig; name = "Pods-MusicPlayer.release.xcconfig"; path = "Target Support Files/Pods-MusicPlayer/Pods-MusicPlayer.release.xcconfig"; sourceTree = "<group>"; };
/* End PBXFileReference section */

/* Begin PBXFrameworksBuildPhase section */
		72A76C6A26A15ABA002C38E7 /* Frameworks */ = {
			isa = PBXFrameworksBuildPhase;
			buildActionMask = 2147483647;
			files = (
				203312D9043502963CF6CA55 /* Pods_MusicPlayer.framework in Frameworks */,
			);
			runOnlyForDeploymentPostprocessing = 0;
		};
/* End PBXFrameworksBuildPhase section */

/* Begin PBXGroup section */
		19E34767E40860400FB6CE02 /* Frameworks */ = {
			isa = PBXGroup;
			children = (
				59D214101FBB82B193E5D7D6 /* Pods_MusicPlayer.framework */,
			);
			name = Frameworks;
			sourceTree = "<group>";
		};
		27362B501FB959BCEC366FE8 /* Pods */ = {
			isa = PBXGroup;
			children = (
				42123A8AD358606EA3ADFE7A /* Pods-MusicPlayer.debug.xcconfig */,
				9338819AE07B01A04C06ACD9 /* Pods-MusicPlayer.release.xcconfig */,
			);
			path = Pods;
			sourceTree = "<group>";
		};
		7240529D26A15E090029DFA9 /* base */ = {
			isa = PBXGroup;
			children = (
				7240529E26A15EED0029DFA9 /* BaseClass.swift */,
			);
			path = base;
			sourceTree = "<group>";
		};
		724052A026A171EC0029DFA9 /* view */ = {
			isa = PBXGroup;
			children = (
				7240529B26A15CC70029DFA9 /* MusicPlayView.swift */,
			);
			path = view;
			sourceTree = "<group>";
		};
		724052A126A171F50029DFA9 /* viewmodel */ = {
			isa = PBXGroup;
			children = (
				72A76C8526A15C36002C38E7 /* MusicPlayReactor.swift */,
			);
			path = viewmodel;
			sourceTree = "<group>";
		};
		724052A226A172270029DFA9 /* model */ = {
			isa = PBXGroup;
			children = (
				724052A326A1737B0029DFA9 /* MusicInfoAPI.swift */,
			);
			path = model;
			sourceTree = "<group>";
		};
		724052A726A181BD0029DFA9 /* decoder */ = {
			isa = PBXGroup;
			children = (
				724052A826A1823F0029DFA9 /* MusicInfo.swift */,
			);
			path = decoder;
			sourceTree = "<group>";
		};
		72A76C6426A15ABA002C38E7 = {
			isa = PBXGroup;
			children = (
				72A76C6F26A15ABA002C38E7 /* MusicPlayer */,
				72A76C6E26A15ABA002C38E7 /* Products */,
				27362B501FB959BCEC366FE8 /* Pods */,
				19E34767E40860400FB6CE02 /* Frameworks */,
			);
			sourceTree = "<group>";
		};
		72A76C6E26A15ABA002C38E7 /* Products */ = {
			isa = PBXGroup;
			children = (
				72A76C6D26A15ABA002C38E7 /* MusicPlayer.app */,
			);
			name = Products;
			sourceTree = "<group>";
		};
		72A76C6F26A15ABA002C38E7 /* MusicPlayer */ = {
			isa = PBXGroup;
			children = (
				724052A726A181BD0029DFA9 /* decoder */,
				7240529D26A15E090029DFA9 /* base */,
				72A76C8426A15C24002C38E7 /* music */,
				72A76C7926A15ABB002C38E7 /* Assets.xcassets */,
				72A76C7026A15ABA002C38E7 /* AppDelegate.swift */,
				72A76C7B26A15ABB002C38E7 /* LaunchScreen.storyboard */,
				72A76C7E26A15ABB002C38E7 /* Info.plist */,
			);
			path = MusicPlayer;
			sourceTree = "<group>";
		};
		72A76C8426A15C24002C38E7 /* music */ = {
			isa = PBXGroup;
			children = (
				724052A226A172270029DFA9 /* model */,
				724052A126A171F50029DFA9 /* viewmodel */,
				724052A026A171EC0029DFA9 /* view */,
				72A76C7426A15ABA002C38E7 /* MusicPlayViewController.swift */,
			);
			path = music;
			sourceTree = "<group>";
		};
/* End PBXGroup section */

/* Begin PBXNativeTarget section */
		72A76C6C26A15ABA002C38E7 /* MusicPlayer */ = {
			isa = PBXNativeTarget;
			buildConfigurationList = 72A76C8126A15ABB002C38E7 /* Build configuration list for PBXNativeTarget "MusicPlayer" */;
			buildPhases = (
				2D69553D5FD5ADD60B216F74 /* [CP] Check Pods Manifest.lock */,
				72A76C6926A15ABA002C38E7 /* Sources */,
				72A76C6A26A15ABA002C38E7 /* Frameworks */,
				72A76C6B26A15ABA002C38E7 /* Resources */,
				A8DCAED07B15E26EE03D7969 /* [CP] Embed Pods Frameworks */,
			);
			buildRules = (
			);
			dependencies = (
			);
			name = MusicPlayer;
			productName = MusicPlayer;
			productReference = 72A76C6D26A15ABA002C38E7 /* MusicPlayer.app */;
			productType = "com.apple.product-type.application";
		};
/* End PBXNativeTarget section */

/* Begin PBXProject section */
		72A76C6526A15ABA002C38E7 /* Project object */ = {
			isa = PBXProject;
			attributes = {
				LastSwiftUpdateCheck = 1250;
				LastUpgradeCheck = 1250;
				TargetAttributes = {
					72A76C6C26A15ABA002C38E7 = {
						CreatedOnToolsVersion = 12.5.1;
					};
				};
			};
			buildConfigurationList = 72A76C6826A15ABA002C38E7 /* Build configuration list for PBXProject "MusicPlayer" */;
			compatibilityVersion = "Xcode 9.3";
			developmentRegion = en;
			hasScannedForEncodings = 0;
			knownRegions = (
				en,
				Base,
			);
			mainGroup = 72A76C6426A15ABA002C38E7;
			productRefGroup = 72A76C6E26A15ABA002C38E7 /* Products */;
			projectDirPath = "";
			projectRoot = "";
			targets = (
				72A76C6C26A15ABA002C38E7 /* MusicPlayer */,
			);
		};
/* End PBXProject section */

/* Begin PBXResourcesBuildPhase section */
		72A76C6B26A15ABA002C38E7 /* Resources */ = {
			isa = PBXResourcesBuildPhase;
			buildActionMask = 2147483647;
			files = (
				72A76C7D26A15ABB002C38E7 /* LaunchScreen.storyboard in Resources */,
				72A76C7A26A15ABB002C38E7 /* Assets.xcassets in Resources */,
			);
			runOnlyForDeploymentPostprocessing = 0;
		};
/* End PBXResourcesBuildPhase section */

/* Begin PBXShellScriptBuildPhase section */
		2D69553D5FD5ADD60B216F74 /* [CP] Check Pods Manifest.lock */ = {
			isa = PBXShellScriptBuildPhase;
			buildActionMask = 2147483647;
			files = (
			);
			inputFileListPaths = (
			);
			inputPaths = (
				"${PODS_PODFILE_DIR_PATH}/Podfile.lock",
				"${PODS_ROOT}/Manifest.lock",
			);
			name = "[CP] Check Pods Manifest.lock";
			outputFileListPaths = (
			);
			outputPaths = (
				"$(DERIVED_FILE_DIR)/Pods-MusicPlayer-checkManifestLockResult.txt",
			);
			runOnlyForDeploymentPostprocessing = 0;
			shellPath = /bin/sh;
			shellScript = "diff \"${PODS_PODFILE_DIR_PATH}/Podfile.lock\" \"${PODS_ROOT}/Manifest.lock\" > /dev/null\nif [ $? != 0 ] ; then\n    # print error to STDERR\n    echo \"error: The sandbox is not in sync with the Podfile.lock. Run 'pod install' or update your CocoaPods installation.\" >&2\n    exit 1\nfi\n# This output is used by Xcode 'outputs' to avoid re-running this script phase.\necho \"SUCCESS\" > \"${SCRIPT_OUTPUT_FILE_0}\"\n";
			showEnvVarsInLog = 0;
		};
		A8DCAED07B15E26EE03D7969 /* [CP] Embed Pods Frameworks */ = {
			isa = PBXShellScriptBuildPhase;
			buildActionMask = 2147483647;
			files = (
			);
			inputFileListPaths = (
				"${PODS_ROOT}/Target Support Files/Pods-MusicPlayer/Pods-MusicPlayer-frameworks-${CONFIGURATION}-input-files.xcfilelist",
			);
			name = "[CP] Embed Pods Frameworks";
			outputFileListPaths = (
				"${PODS_ROOT}/Target Support Files/Pods-MusicPlayer/Pods-MusicPlayer-frameworks-${CONFIGURATION}-output-files.xcfilelist",
			);
			runOnlyForDeploymentPostprocessing = 0;
			shellPath = /bin/sh;
			shellScript = "\"${PODS_ROOT}/Target Support Files/Pods-MusicPlayer/Pods-MusicPlayer-frameworks.sh\"\n";
			showEnvVarsInLog = 0;
		};
/* End PBXShellScriptBuildPhase section */

/* Begin PBXSourcesBuildPhase section */
		72A76C6926A15ABA002C38E7 /* Sources */ = {
			isa = PBXSourcesBuildPhase;
			buildActionMask = 2147483647;
			files = (
				724052A426A1737B0029DFA9 /* MusicInfoAPI.swift in Sources */,
				7240529C26A15CC70029DFA9 /* MusicPlayView.swift in Sources */,
				724052A926A1823F0029DFA9 /* MusicInfo.swift in Sources */,
				7240529F26A15EED0029DFA9 /* BaseClass.swift in Sources */,
				72A76C7526A15ABA002C38E7 /* MusicPlayViewController.swift in Sources */,
				72A76C8626A15C36002C38E7 /* MusicPlayReactor.swift in Sources */,
				72A76C7126A15ABA002C38E7 /* AppDelegate.swift in Sources */,
			);
			runOnlyForDeploymentPostprocessing = 0;
		};
/* End PBXSourcesBuildPhase section */

/* Begin PBXVariantGroup section */
		72A76C7B26A15ABB002C38E7 /* LaunchScreen.storyboard */ = {
			isa = PBXVariantGroup;
			children = (
				72A76C7C26A15ABB002C38E7 /* Base */,
			);
			name = LaunchScreen.storyboard;
			sourceTree = "<group>";
		};
/* End PBXVariantGroup section */

/* Begin XCBuildConfiguration section */
		72A76C7F26A15ABB002C38E7 /* Debug */ = {
			isa = XCBuildConfiguration;
			buildSettings = {
				ALWAYS_SEARCH_USER_PATHS = NO;
				CLANG_ANALYZER_NONNULL = YES;
				CLANG_ANALYZER_NUMBER_OBJECT_CONVERSION = YES_AGGRESSIVE;
				CLANG_CXX_LANGUAGE_STANDARD = "gnu++14";
				CLANG_CXX_LIBRARY = "libc++";
				CLANG_ENABLE_MODULES = YES;
				CLANG_ENABLE_OBJC_ARC = YES;
				CLANG_ENABLE_OBJC_WEAK = YES;
				CLANG_WARN_BLOCK_CAPTURE_AUTORELEASING = YES;
				CLANG_WARN_BOOL_CONVERSION = YES;
				CLANG_WARN_COMMA = YES;
				CLANG_WARN_CONSTANT_CONVERSION = YES;
				CLANG_WARN_DEPRECATED_OBJC_IMPLEMENTATIONS = YES;
				CLANG_WARN_DIRECT_OBJC_ISA_USAGE = YES_ERROR;
				CLANG_WARN_DOCUMENTATION_COMMENTS = YES;
				CLANG_WARN_EMPTY_BODY = YES;
				CLANG_WARN_ENUM_CONVERSION = YES;
				CLANG_WARN_INFINITE_RECURSION = YES;
				CLANG_WARN_INT_CONVERSION = YES;
				CLANG_WARN_NON_LITERAL_NULL_CONVERSION = YES;
				CLANG_WARN_OBJC_IMPLICIT_RETAIN_SELF = YES;
				CLANG_WARN_OBJC_LITERAL_CONVERSION = YES;
				CLANG_WARN_OBJC_ROOT_CLASS = YES_ERROR;
				CLANG_WARN_QUOTED_INCLUDE_IN_FRAMEWORK_HEADER = YES;
				CLANG_WARN_RANGE_LOOP_ANALYSIS = YES;
				CLANG_WARN_STRICT_PROTOTYPES = YES;
				CLANG_WARN_SUSPICIOUS_MOVE = YES;
				CLANG_WARN_UNGUARDED_AVAILABILITY = YES_AGGRESSIVE;
				CLANG_WARN_UNREACHABLE_CODE = YES;
				CLANG_WARN__DUPLICATE_METHOD_MATCH = YES;
				COPY_PHASE_STRIP = NO;
				DEBUG_INFORMATION_FORMAT = dwarf;
				ENABLE_STRICT_OBJC_MSGSEND = YES;
				ENABLE_TESTABILITY = YES;
				GCC_C_LANGUAGE_STANDARD = gnu11;
				GCC_DYNAMIC_NO_PIC = NO;
				GCC_NO_COMMON_BLOCKS = YES;
				GCC_OPTIMIZATION_LEVEL = 0;
				GCC_PREPROCESSOR_DEFINITIONS = (
					"DEBUG=1",
					"$(inherited)",
				);
				GCC_WARN_64_TO_32_BIT_CONVERSION = YES;
				GCC_WARN_ABOUT_RETURN_TYPE = YES_ERROR;
				GCC_WARN_UNDECLARED_SELECTOR = YES;
				GCC_WARN_UNINITIALIZED_AUTOS = YES_AGGRESSIVE;
				GCC_WARN_UNUSED_FUNCTION = YES;
				GCC_WARN_UNUSED_VARIABLE = YES;
				IPHONEOS_DEPLOYMENT_TARGET = 14.5;
				MTL_ENABLE_DEBUG_INFO = INCLUDE_SOURCE;
				MTL_FAST_MATH = YES;
				ONLY_ACTIVE_ARCH = YES;
				SDKROOT = iphoneos;
				SWIFT_ACTIVE_COMPILATION_CONDITIONS = DEBUG;
				SWIFT_OPTIMIZATION_LEVEL = "-Onone";
			};
			name = Debug;
		};
		72A76C8026A15ABB002C38E7 /* Release */ = {
			isa = XCBuildConfiguration;
			buildSettings = {
				ALWAYS_SEARCH_USER_PATHS = NO;
				CLANG_ANALYZER_NONNULL = YES;
				CLANG_ANALYZER_NUMBER_OBJECT_CONVERSION = YES_AGGRESSIVE;
				CLANG_CXX_LANGUAGE_STANDARD = "gnu++14";
				CLANG_CXX_LIBRARY = "libc++";
				CLANG_ENABLE_MODULES = YES;
				CLANG_ENABLE_OBJC_ARC = YES;
				CLANG_ENABLE_OBJC_WEAK = YES;
				CLANG_WARN_BLOCK_CAPTURE_AUTORELEASING = YES;
				CLANG_WARN_BOOL_CONVERSION = YES;
				CLANG_WARN_COMMA = YES;
				CLANG_WARN_CONSTANT_CONVERSION = YES;
				CLANG_WARN_DEPRECATED_OBJC_IMPLEMENTATIONS = YES;
				CLANG_WARN_DIRECT_OBJC_ISA_USAGE = YES_ERROR;
				CLANG_WARN_DOCUMENTATION_COMMENTS = YES;
				CLANG_WARN_EMPTY_BODY = YES;
				CLANG_WARN_ENUM_CONVERSION = YES;
				CLANG_WARN_INFINITE_RECURSION = YES;
				CLANG_WARN_INT_CONVERSION = YES;
				CLANG_WARN_NON_LITERAL_NULL_CONVERSION = YES;
				CLANG_WARN_OBJC_IMPLICIT_RETAIN_SELF = YES;
				CLANG_WARN_OBJC_LITERAL_CONVERSION = YES;
				CLANG_WARN_OBJC_ROOT_CLASS = YES_ERROR;
				CLANG_WARN_QUOTED_INCLUDE_IN_FRAMEWORK_HEADER = YES;
				CLANG_WARN_RANGE_LOOP_ANALYSIS = YES;
				CLANG_WARN_STRICT_PROTOTYPES = YES;
				CLANG_WARN_SUSPICIOUS_MOVE = YES;
				CLANG_WARN_UNGUARDED_AVAILABILITY = YES_AGGRESSIVE;
				CLANG_WARN_UNREACHABLE_CODE = YES;
				CLANG_WARN__DUPLICATE_METHOD_MATCH = YES;
				COPY_PHASE_STRIP = NO;
				DEBUG_INFORMATION_FORMAT = "dwarf-with-dsym";
				ENABLE_NS_ASSERTIONS = NO;
				ENABLE_STRICT_OBJC_MSGSEND = YES;
				GCC_C_LANGUAGE_STANDARD = gnu11;
				GCC_NO_COMMON_BLOCKS = YES;
				GCC_WARN_64_TO_32_BIT_CONVERSION = YES;
				GCC_WARN_ABOUT_RETURN_TYPE = YES_ERROR;
				GCC_WARN_UNDECLARED_SELECTOR = YES;
				GCC_WARN_UNINITIALIZED_AUTOS = YES_AGGRESSIVE;
				GCC_WARN_UNUSED_FUNCTION = YES;
				GCC_WARN_UNUSED_VARIABLE = YES;
				IPHONEOS_DEPLOYMENT_TARGET = 14.5;
				MTL_ENABLE_DEBUG_INFO = NO;
				MTL_FAST_MATH = YES;
				SDKROOT = iphoneos;
				SWIFT_COMPILATION_MODE = wholemodule;
				SWIFT_OPTIMIZATION_LEVEL = "-O";
				VALIDATE_PRODUCT = YES;
			};
			name = Release;
		};
		72A76C8226A15ABB002C38E7 /* Debug */ = {
			isa = XCBuildConfiguration;
			baseConfigurationReference = 42123A8AD358606EA3ADFE7A /* Pods-MusicPlayer.debug.xcconfig */;
			buildSettings = {
				ASSETCATALOG_COMPILER_APPICON_NAME = AppIcon;
				ASSETCATALOG_COMPILER_GLOBAL_ACCENT_COLOR_NAME = AccentColor;
				CODE_SIGN_STYLE = Automatic;
				DEVELOPMENT_TEAM = LHMNAPQ6N7;
				INFOPLIST_FILE = MusicPlayer/Info.plist;
				LD_RUNPATH_SEARCH_PATHS = (
					"$(inherited)",
					"@executable_path/Frameworks",
				);
				PRODUCT_BUNDLE_IDENTIFIER = practice.MusicPlayer;
				PRODUCT_NAME = "$(TARGET_NAME)";
				SWIFT_VERSION = 5.0;
				TARGETED_DEVICE_FAMILY = "1,2";
			};
			name = Debug;
		};
		72A76C8326A15ABB002C38E7 /* Release */ = {
			isa = XCBuildConfiguration;
			baseConfigurationReference = 9338819AE07B01A04C06ACD9 /* Pods-MusicPlayer.release.xcconfig */;
			buildSettings = {
				ASSETCATALOG_COMPILER_APPICON_NAME = AppIcon;
				ASSETCATALOG_COMPILER_GLOBAL_ACCENT_COLOR_NAME = AccentColor;
				CODE_SIGN_STYLE = Automatic;
				DEVELOPMENT_TEAM = LHMNAPQ6N7;
				INFOPLIST_FILE = MusicPlayer/Info.plist;
				LD_RUNPATH_SEARCH_PATHS = (
					"$(inherited)",
					"@executable_path/Frameworks",
				);
				PRODUCT_BUNDLE_IDENTIFIER = practice.MusicPlayer;
				PRODUCT_NAME = "$(TARGET_NAME)";
				SWIFT_VERSION = 5.0;
				TARGETED_DEVICE_FAMILY = "1,2";
			};
			name = Release;
		};
/* End XCBuildConfiguration section */

/* Begin XCConfigurationList section */
		72A76C6826A15ABA002C38E7 /* Build configuration list for PBXProject "MusicPlayer" */ = {
			isa = XCConfigurationList;
			buildConfigurations = (
				72A76C7F26A15ABB002C38E7 /* Debug */,
				72A76C8026A15ABB002C38E7 /* Release */,
			);
			defaultConfigurationIsVisible = 0;
			defaultConfigurationName = Release;
		};
		72A76C8126A15ABB002C38E7 /* Build configuration list for PBXNativeTarget "MusicPlayer" */ = {
			isa = XCConfigurationList;
			buildConfigurations = (
				72A76C8226A15ABB002C38E7 /* Debug */,
				72A76C8326A15ABB002C38E7 /* Release */,
			);
			defaultConfigurationIsVisible = 0;
			defaultConfigurationName = Release;
		};
/* End XCConfigurationList section */
	};
	rootObject = 72A76C6526A15ABA002C38E7 /* Project object */;
}
